// !$*UTF8*$!
{
	archiveVersion = 1;
	classes = {
	};
	objectVersion = 55;
	objects = {

/* Begin PBXBuildFile section */
		33051DF828439A0300E66658 /* ClassicPuzzle.swift in Sources */ = {isa = PBXBuildFile; fileRef = 33051DF728439A0300E66658 /* ClassicPuzzle.swift */; };
		33051DFA284447CF00E66658 /* UIImage++.swift in Sources */ = {isa = PBXBuildFile; fileRef = 33051DF9284447CF00E66658 /* UIImage++.swift */; };
		33051DFE2844635200E66658 /* ImagePickerView.swift in Sources */ = {isa = PBXBuildFile; fileRef = 33051DFD2844635200E66658 /* ImagePickerView.swift */; };
		333454F7284646ED00966DBB /* background-music-aac.caf in Resources */ = {isa = PBXBuildFile; fileRef = 333454F6284646ED00966DBB /* background-music-aac.caf */; };
		3353E769281C3D710001F12A /* ContentView.swift in Sources */ = {isa = PBXBuildFile; fileRef = 3353E768281C3D710001F12A /* ContentView.swift */; };
		3353E76B281C48E20001F12A /* DigitMinus.swift in Sources */ = {isa = PBXBuildFile; fileRef = 3353E76A281C48E20001F12A /* DigitMinus.swift */; };
		3353E76D281CC75E0001F12A /* TapViewModifier.swift in Sources */ = {isa = PBXBuildFile; fileRef = 3353E76C281CC75E0001F12A /* TapViewModifier.swift */; };
		3353E76F281D840A0001F12A /* AppDelegate.swift in Sources */ = {isa = PBXBuildFile; fileRef = 3353E76E281D840A0001F12A /* AppDelegate.swift */; };
		3353E771281D849E0001F12A /* BindingValueSyncModifier.swift in Sources */ = {isa = PBXBuildFile; fileRef = 3353E770281D849E0001F12A /* BindingValueSyncModifier.swift */; };
		3353E773281D889E0001F12A /* NumberInputView.swift in Sources */ = {isa = PBXBuildFile; fileRef = 3353E772281D889E0001F12A /* NumberInputView.swift */; };
		3353E775281D88BB0001F12A /* NumberInputViewModel.swift in Sources */ = {isa = PBXBuildFile; fileRef = 3353E774281D88BB0001F12A /* NumberInputViewModel.swift */; };
		3388E83E2845BB4C000E8D57 /* SpritePuzzle.swift in Sources */ = {isa = PBXBuildFile; fileRef = 3388E83D2845BB4C000E8D57 /* SpritePuzzle.swift */; };
		3388E8422845BCAD000E8D57 /* GameScene.swift in Sources */ = {isa = PBXBuildFile; fileRef = 3388E8412845BCAD000E8D57 /* GameScene.swift */; };
		3388E8442845BDCA000E8D57 /* Images.xcassets in Resources */ = {isa = PBXBuildFile; fileRef = 3388E8432845BDCA000E8D57 /* Images.xcassets */; };
		33D0A1CA281B8315001467EF /* CountGroundApp.swift in Sources */ = {isa = PBXBuildFile; fileRef = 33D0A1C9281B8315001467EF /* CountGroundApp.swift */; };
		33D0A1CC281B8315001467EF /* CountView.swift in Sources */ = {isa = PBXBuildFile; fileRef = 33D0A1CB281B8315001467EF /* CountView.swift */; };
		33D0A1CE281B8316001467EF /* Assets.xcassets in Resources */ = {isa = PBXBuildFile; fileRef = 33D0A1CD281B8316001467EF /* Assets.xcassets */; };
		33D0A1D1281B8316001467EF /* Preview Assets.xcassets in Resources */ = {isa = PBXBuildFile; fileRef = 33D0A1D0281B8316001467EF /* Preview Assets.xcassets */; };
		33D0A1DB281B8317001467EF /* CountGroudTests.swift in Sources */ = {isa = PBXBuildFile; fileRef = 33D0A1DA281B8317001467EF /* CountGroudTests.swift */; };
		33D0A1E5281B8317001467EF /* CountGroudUITests.swift in Sources */ = {isa = PBXBuildFile; fileRef = 33D0A1E4281B8317001467EF /* CountGroudUITests.swift */; };
		33D0A1E7281B8317001467EF /* CountGroudUITestsLaunchTests.swift in Sources */ = {isa = PBXBuildFile; fileRef = 33D0A1E6281B8317001467EF /* CountGroudUITestsLaunchTests.swift */; };
		33D0A1F9281BB68B001467EF /* Images in Resources */ = {isa = PBXBuildFile; fileRef = 33D0A1F6281B9DB4001467EF /* Images */; };
/* End PBXBuildFile section */

/* Begin PBXContainerItemProxy section */
		33D0A1D7281B8317001467EF /* PBXContainerItemProxy */ = {
			isa = PBXContainerItemProxy;
			containerPortal = 33D0A1BE281B8315001467EF /* Project object */;
			proxyType = 1;
			remoteGlobalIDString = 33D0A1C5281B8315001467EF;
			remoteInfo = CountGroud;
		};
		33D0A1E1281B8317001467EF /* PBXContainerItemProxy */ = {
			isa = PBXContainerItemProxy;
			containerPortal = 33D0A1BE281B8315001467EF /* Project object */;
			proxyType = 1;
			remoteGlobalIDString = 33D0A1C5281B8315001467EF;
			remoteInfo = CountGroud;
		};
/* End PBXContainerItemProxy section */

/* Begin PBXFileReference section */
		33051DF728439A0300E66658 /* ClassicPuzzle.swift */ = {isa = PBXFileReference; lastKnownFileType = sourcecode.swift; path = ClassicPuzzle.swift; sourceTree = "<group>"; };
		33051DF9284447CF00E66658 /* UIImage++.swift */ = {isa = PBXFileReference; lastKnownFileType = sourcecode.swift; path = "UIImage++.swift"; sourceTree = "<group>"; };
		33051DFD2844635200E66658 /* ImagePickerView.swift */ = {isa = PBXFileReference; fileEncoding = 4; lastKnownFileType = sourcecode.swift; path = ImagePickerView.swift; sourceTree = "<group>"; };
		333454F6284646ED00966DBB /* background-music-aac.caf */ = {isa = PBXFileReference; lastKnownFileType = file; path = "background-music-aac.caf"; sourceTree = "<group>"; };
		3353E768281C3D710001F12A /* ContentView.swift */ = {isa = PBXFileReference; lastKnownFileType = sourcecode.swift; path = ContentView.swift; sourceTree = "<group>"; };
		3353E76A281C48E20001F12A /* DigitMinus.swift */ = {isa = PBXFileReference; lastKnownFileType = sourcecode.swift; path = DigitMinus.swift; sourceTree = "<group>"; };
		3353E76C281CC75E0001F12A /* TapViewModifier.swift */ = {isa = PBXFileReference; lastKnownFileType = sourcecode.swift; path = TapViewModifier.swift; sourceTree = "<group>"; };
		3353E76E281D840A0001F12A /* AppDelegate.swift */ = {isa = PBXFileReference; lastKnownFileType = sourcecode.swift; path = AppDelegate.swift; sourceTree = "<group>"; };
		3353E770281D849E0001F12A /* BindingValueSyncModifier.swift */ = {isa = PBXFileReference; lastKnownFileType = sourcecode.swift; path = BindingValueSyncModifier.swift; sourceTree = "<group>"; };
		3353E772281D889E0001F12A /* NumberInputView.swift */ = {isa = PBXFileReference; lastKnownFileType = sourcecode.swift; path = NumberInputView.swift; sourceTree = "<group>"; };
		3353E774281D88BB0001F12A /* NumberInputViewModel.swift */ = {isa = PBXFileReference; lastKnownFileType = sourcecode.swift; path = NumberInputViewModel.swift; sourceTree = "<group>"; };
		3388E83D2845BB4C000E8D57 /* SpritePuzzle.swift */ = {isa = PBXFileReference; lastKnownFileType = sourcecode.swift; path = SpritePuzzle.swift; sourceTree = "<group>"; };
		3388E8412845BCAD000E8D57 /* GameScene.swift */ = {isa = PBXFileReference; lastKnownFileType = sourcecode.swift; path = GameScene.swift; sourceTree = "<group>"; };
		3388E8432845BDCA000E8D57 /* Images.xcassets */ = {isa = PBXFileReference; lastKnownFileType = folder.assetcatalog; path = Images.xcassets; sourceTree = "<group>"; };
		33D0A1C6281B8315001467EF /* or.sofent.CountGround.app */ = {isa = PBXFileReference; explicitFileType = wrapper.application; includeInIndex = 0; path = or.sofent.CountGround.app; sourceTree = BUILT_PRODUCTS_DIR; };
		33D0A1C9281B8315001467EF /* CountGroundApp.swift */ = {isa = PBXFileReference; lastKnownFileType = sourcecode.swift; path = CountGroundApp.swift; sourceTree = "<group>"; };
		33D0A1CB281B8315001467EF /* CountView.swift */ = {isa = PBXFileReference; lastKnownFileType = sourcecode.swift; path = CountView.swift; sourceTree = "<group>"; };
		33D0A1CD281B8316001467EF /* Assets.xcassets */ = {isa = PBXFileReference; lastKnownFileType = folder.assetcatalog; path = Assets.xcassets; sourceTree = "<group>"; };
		33D0A1D0281B8316001467EF /* Preview Assets.xcassets */ = {isa = PBXFileReference; lastKnownFileType = folder.assetcatalog; path = "Preview Assets.xcassets"; sourceTree = "<group>"; };
		33D0A1D6281B8317001467EF /* CountGroundTests.xctest */ = {isa = PBXFileReference; explicitFileType = wrapper.cfbundle; includeInIndex = 0; path = CountGroundTests.xctest; sourceTree = BUILT_PRODUCTS_DIR; };
		33D0A1DA281B8317001467EF /* CountGroudTests.swift */ = {isa = PBXFileReference; lastKnownFileType = sourcecode.swift; path = CountGroudTests.swift; sourceTree = "<group>"; };
		33D0A1E0281B8317001467EF /* CountGroundUITests.xctest */ = {isa = PBXFileReference; explicitFileType = wrapper.cfbundle; includeInIndex = 0; path = CountGroundUITests.xctest; sourceTree = BUILT_PRODUCTS_DIR; };
		33D0A1E4281B8317001467EF /* CountGroudUITests.swift */ = {isa = PBXFileReference; lastKnownFileType = sourcecode.swift; path = CountGroudUITests.swift; sourceTree = "<group>"; };
		33D0A1E6281B8317001467EF /* CountGroudUITestsLaunchTests.swift */ = {isa = PBXFileReference; lastKnownFileType = sourcecode.swift; path = CountGroudUITestsLaunchTests.swift; sourceTree = "<group>"; };
		33D0A1F6281B9DB4001467EF /* Images */ = {isa = PBXFileReference; lastKnownFileType = folder; name = Images; path = CountGround/Images; sourceTree = "<group>"; };
		33D0A1FA281BDA48001467EF /* Info.plist */ = {isa = PBXFileReference; lastKnownFileType = text.plist; path = Info.plist; sourceTree = "<group>"; };
/* End PBXFileReference section */

/* Begin PBXFrameworksBuildPhase section */
		33D0A1C3281B8315001467EF /* Frameworks */ = {
			isa = PBXFrameworksBuildPhase;
			buildActionMask = 2147483647;
			files = (
			);
			runOnlyForDeploymentPostprocessing = 0;
		};
		33D0A1D3281B8317001467EF /* Frameworks */ = {
			isa = PBXFrameworksBuildPhase;
			buildActionMask = 2147483647;
			files = (
			);
			runOnlyForDeploymentPostprocessing = 0;
		};
		33D0A1DD281B8317001467EF /* Frameworks */ = {
			isa = PBXFrameworksBuildPhase;
			buildActionMask = 2147483647;
			files = (
			);
			runOnlyForDeploymentPostprocessing = 0;
		};
/* End PBXFrameworksBuildPhase section */

/* Begin PBXGroup section */
		333454F5284646ED00966DBB /* Sounds */ = {
			isa = PBXGroup;
			children = (
				333454F6284646ED00966DBB /* background-music-aac.caf */,
			);
			path = Sounds;
			sourceTree = "<group>";
		};
		33D0A1BD281B8315001467EF = {
			isa = PBXGroup;
			children = (
				333454F5284646ED00966DBB /* Sounds */,
				33D0A1F6281B9DB4001467EF /* Images */,
				33D0A1C8281B8315001467EF /* CountGround */,
				33D0A1D9281B8317001467EF /* CountGroudTests */,
				33D0A1E3281B8317001467EF /* CountGroudUITests */,
				33D0A1C7281B8315001467EF /* Products */,
			);
			sourceTree = "<group>";
		};
		33D0A1C7281B8315001467EF /* Products */ = {
			isa = PBXGroup;
			children = (
				33D0A1C6281B8315001467EF /* or.sofent.CountGround.app */,
				33D0A1D6281B8317001467EF /* CountGroundTests.xctest */,
				33D0A1E0281B8317001467EF /* CountGroundUITests.xctest */,
			);
			name = Products;
			sourceTree = "<group>";
		};
		33D0A1C8281B8315001467EF /* CountGround */ = {
			isa = PBXGroup;
			children = (
				33051DFD2844635200E66658 /* ImagePickerView.swift */,
				33D0A1FA281BDA48001467EF /* Info.plist */,
				33D0A1C9281B8315001467EF /* CountGroundApp.swift */,
				33D0A1CB281B8315001467EF /* CountView.swift */,
				33D0A1CD281B8316001467EF /* Assets.xcassets */,
				3388E8432845BDCA000E8D57 /* Images.xcassets */,
				33D0A1CF281B8316001467EF /* Preview Content */,
				3353E768281C3D710001F12A /* ContentView.swift */,
				3353E76A281C48E20001F12A /* DigitMinus.swift */,
				3353E76C281CC75E0001F12A /* TapViewModifier.swift */,
				3353E76E281D840A0001F12A /* AppDelegate.swift */,
				3353E770281D849E0001F12A /* BindingValueSyncModifier.swift */,
				3353E772281D889E0001F12A /* NumberInputView.swift */,
				3353E774281D88BB0001F12A /* NumberInputViewModel.swift */,
				33051DF728439A0300E66658 /* ClassicPuzzle.swift */,
				33051DF9284447CF00E66658 /* UIImage++.swift */,
				3388E83D2845BB4C000E8D57 /* SpritePuzzle.swift */,
				3388E8412845BCAD000E8D57 /* GameScene.swift */,
			);
			path = CountGround;
			sourceTree = "<group>";
		};
		33D0A1CF281B8316001467EF /* Preview Content */ = {
			isa = PBXGroup;
			children = (
				33D0A1D0281B8316001467EF /* Preview Assets.xcassets */,
			);
			path = "Preview Content";
			sourceTree = "<group>";
		};
		33D0A1D9281B8317001467EF /* CountGroudTests */ = {
			isa = PBXGroup;
			children = (
				33D0A1DA281B8317001467EF /* CountGroudTests.swift */,
			);
			path = CountGroudTests;
			sourceTree = "<group>";
		};
		33D0A1E3281B8317001467EF /* CountGroudUITests */ = {
			isa = PBXGroup;
			children = (
				33D0A1E4281B8317001467EF /* CountGroudUITests.swift */,
				33D0A1E6281B8317001467EF /* CountGroudUITestsLaunchTests.swift */,
			);
			path = CountGroudUITests;
			sourceTree = "<group>";
		};
/* End PBXGroup section */

/* Begin PBXNativeTarget section */
		33D0A1C5281B8315001467EF /* CountGround */ = {
			isa = PBXNativeTarget;
			buildConfigurationList = 33D0A1EA281B8317001467EF /* Build configuration list for PBXNativeTarget "CountGround" */;
			buildPhases = (
				33D0A1C2281B8315001467EF /* Sources */,
				33D0A1C3281B8315001467EF /* Frameworks */,
				33D0A1C4281B8315001467EF /* Resources */,
			);
			buildRules = (
			);
			dependencies = (
			);
			name = CountGround;
			productName = CountGroud;
			productReference = 33D0A1C6281B8315001467EF /* or.sofent.CountGround.app */;
			productType = "com.apple.product-type.application";
		};
		33D0A1D5281B8317001467EF /* CountGroundTests */ = {
			isa = PBXNativeTarget;
			buildConfigurationList = 33D0A1ED281B8317001467EF /* Build configuration list for PBXNativeTarget "CountGroundTests" */;
			buildPhases = (
				33D0A1D2281B8317001467EF /* Sources */,
				33D0A1D3281B8317001467EF /* Frameworks */,
				33D0A1D4281B8317001467EF /* Resources */,
			);
			buildRules = (
			);
			dependencies = (
				33D0A1D8281B8317001467EF /* PBXTargetDependency */,
			);
			name = CountGroundTests;
			productName = CountGroudTests;
			productReference = 33D0A1D6281B8317001467EF /* CountGroundTests.xctest */;
			productType = "com.apple.product-type.bundle.unit-test";
		};
		33D0A1DF281B8317001467EF /* CountGroundUITests */ = {
			isa = PBXNativeTarget;
			buildConfigurationList = 33D0A1F0281B8317001467EF /* Build configuration list for PBXNativeTarget "CountGroundUITests" */;
			buildPhases = (
				33D0A1DC281B8317001467EF /* Sources */,
				33D0A1DD281B8317001467EF /* Frameworks */,
				33D0A1DE281B8317001467EF /* Resources */,
			);
			buildRules = (
			);
			dependencies = (
				33D0A1E2281B8317001467EF /* PBXTargetDependency */,
			);
			name = CountGroundUITests;
			productName = CountGroudUITests;
			productReference = 33D0A1E0281B8317001467EF /* CountGroundUITests.xctest */;
			productType = "com.apple.product-type.bundle.ui-testing";
		};
/* End PBXNativeTarget section */

/* Begin PBXProject section */
		33D0A1BE281B8315001467EF /* Project object */ = {
			isa = PBXProject;
			attributes = {
				BuildIndependentTargetsInParallel = 1;
				LastSwiftUpdateCheck = 1330;
				LastUpgradeCheck = 1330;
				TargetAttributes = {
					33D0A1C5281B8315001467EF = {
						CreatedOnToolsVersion = 13.3.1;
					};
					33D0A1D5281B8317001467EF = {
						CreatedOnToolsVersion = 13.3.1;
						TestTargetID = 33D0A1C5281B8315001467EF;
					};
					33D0A1DF281B8317001467EF = {
						CreatedOnToolsVersion = 13.3.1;
						TestTargetID = 33D0A1C5281B8315001467EF;
					};
				};
			};
			buildConfigurationList = 33D0A1C1281B8315001467EF /* Build configuration list for PBXProject "CountGroud" */;
			compatibilityVersion = "Xcode 13.0";
			developmentRegion = en;
			hasScannedForEncodings = 0;
			knownRegions = (
				en,
				Base,
			);
			mainGroup = 33D0A1BD281B8315001467EF;
			productRefGroup = 33D0A1C7281B8315001467EF /* Products */;
			projectDirPath = "";
			projectRoot = "";
			targets = (
				33D0A1C5281B8315001467EF /* CountGround */,
				33D0A1D5281B8317001467EF /* CountGroundTests */,
				33D0A1DF281B8317001467EF /* CountGroundUITests */,
			);
		};
/* End PBXProject section */

/* Begin PBXResourcesBuildPhase section */
		33D0A1C4281B8315001467EF /* Resources */ = {
			isa = PBXResourcesBuildPhase;
			buildActionMask = 2147483647;
			files = (
				333454F7284646ED00966DBB /* background-music-aac.caf in Resources */,
				33D0A1F9281BB68B001467EF /* Images in Resources */,
				3388E8442845BDCA000E8D57 /* Images.xcassets in Resources */,
				33D0A1D1281B8316001467EF /* Preview Assets.xcassets in Resources */,
				33D0A1CE281B8316001467EF /* Assets.xcassets in Resources */,
			);
			runOnlyForDeploymentPostprocessing = 0;
		};
		33D0A1D4281B8317001467EF /* Resources */ = {
			isa = PBXResourcesBuildPhase;
			buildActionMask = 2147483647;
			files = (
			);
			runOnlyForDeploymentPostprocessing = 0;
		};
		33D0A1DE281B8317001467EF /* Resources */ = {
			isa = PBXResourcesBuildPhase;
			buildActionMask = 2147483647;
			files = (
			);
			runOnlyForDeploymentPostprocessing = 0;
		};
/* End PBXResourcesBuildPhase section */

/* Begin PBXSourcesBuildPhase section */
		33D0A1C2281B8315001467EF /* Sources */ = {
			isa = PBXSourcesBuildPhase;
			buildActionMask = 2147483647;
			files = (
				3353E76F281D840A0001F12A /* AppDelegate.swift in Sources */,
				3353E775281D88BB0001F12A /* NumberInputViewModel.swift in Sources */,
				3353E76B281C48E20001F12A /* DigitMinus.swift in Sources */,
				3353E76D281CC75E0001F12A /* TapViewModifier.swift in Sources */,
				33051DFE2844635200E66658 /* ImagePickerView.swift in Sources */,
				3388E83E2845BB4C000E8D57 /* SpritePuzzle.swift in Sources */,
				33D0A1CC281B8315001467EF /* CountView.swift in Sources */,
				3353E773281D889E0001F12A /* NumberInputView.swift in Sources */,
				3353E771281D849E0001F12A /* BindingValueSyncModifier.swift in Sources */,
				33051DFA284447CF00E66658 /* UIImage++.swift in Sources */,
				33D0A1CA281B8315001467EF /* CountGroundApp.swift in Sources */,
				33051DF828439A0300E66658 /* ClassicPuzzle.swift in Sources */,
				3388E8422845BCAD000E8D57 /* GameScene.swift in Sources */,
				3353E769281C3D710001F12A /* ContentView.swift in Sources */,
			);
			runOnlyForDeploymentPostprocessing = 0;
		};
		33D0A1D2281B8317001467EF /* Sources */ = {
			isa = PBXSourcesBuildPhase;
			buildActionMask = 2147483647;
			files = (
				33D0A1DB281B8317001467EF /* CountGroudTests.swift in Sources */,
			);
			runOnlyForDeploymentPostprocessing = 0;
		};
		33D0A1DC281B8317001467EF /* Sources */ = {
			isa = PBXSourcesBuildPhase;
			buildActionMask = 2147483647;
			files = (
				33D0A1E7281B8317001467EF /* CountGroudUITestsLaunchTests.swift in Sources */,
				33D0A1E5281B8317001467EF /* CountGroudUITests.swift in Sources */,
			);
			runOnlyForDeploymentPostprocessing = 0;
		};
/* End PBXSourcesBuildPhase section */

/* Begin PBXTargetDependency section */
		33D0A1D8281B8317001467EF /* PBXTargetDependency */ = {
			isa = PBXTargetDependency;
			target = 33D0A1C5281B8315001467EF /* CountGround */;
			targetProxy = 33D0A1D7281B8317001467EF /* PBXContainerItemProxy */;
		};
		33D0A1E2281B8317001467EF /* PBXTargetDependency */ = {
			isa = PBXTargetDependency;
			target = 33D0A1C5281B8315001467EF /* CountGround */;
			targetProxy = 33D0A1E1281B8317001467EF /* PBXContainerItemProxy */;
		};
/* End PBXTargetDependency section */

/* Begin XCBuildConfiguration section */
		33D0A1E8281B8317001467EF /* Debug */ = {
			isa = XCBuildConfiguration;
			buildSettings = {
				ALWAYS_SEARCH_USER_PATHS = NO;
				CLANG_ANALYZER_NONNULL = YES;
				CLANG_ANALYZER_NUMBER_OBJECT_CONVERSION = YES_AGGRESSIVE;
				CLANG_CXX_LANGUAGE_STANDARD = "gnu++17";
				CLANG_ENABLE_MODULES = YES;
				CLANG_ENABLE_OBJC_ARC = YES;
				CLANG_ENABLE_OBJC_WEAK = YES;
				CLANG_WARN_BLOCK_CAPTURE_AUTORELEASING = YES;
				CLANG_WARN_BOOL_CONVERSION = YES;
				CLANG_WARN_COMMA = YES;
				CLANG_WARN_CONSTANT_CONVERSION = YES;
				CLANG_WARN_DEPRECATED_OBJC_IMPLEMENTATIONS = YES;
				CLANG_WARN_DIRECT_OBJC_ISA_USAGE = YES_ERROR;
				CLANG_WARN_DOCUMENTATION_COMMENTS = YES;
				CLANG_WARN_EMPTY_BODY = YES;
				CLANG_WARN_ENUM_CONVERSION = YES;
				CLANG_WARN_INFINITE_RECURSION = YES;
				CLANG_WARN_INT_CONVERSION = YES;
				CLANG_WARN_NON_LITERAL_NULL_CONVERSION = YES;
				CLANG_WARN_OBJC_IMPLICIT_RETAIN_SELF = YES;
				CLANG_WARN_OBJC_LITERAL_CONVERSION = YES;
				CLANG_WARN_OBJC_ROOT_CLASS = YES_ERROR;
				CLANG_WARN_QUOTED_INCLUDE_IN_FRAMEWORK_HEADER = YES;
				CLANG_WARN_RANGE_LOOP_ANALYSIS = YES;
				CLANG_WARN_STRICT_PROTOTYPES = YES;
				CLANG_WARN_SUSPICIOUS_MOVE = YES;
				CLANG_WARN_UNGUARDED_AVAILABILITY = YES_AGGRESSIVE;
				CLANG_WARN_UNREACHABLE_CODE = YES;
				CLANG_WARN__DUPLICATE_METHOD_MATCH = YES;
				COPY_PHASE_STRIP = NO;
				DEBUG_INFORMATION_FORMAT = dwarf;
				ENABLE_STRICT_OBJC_MSGSEND = YES;
				ENABLE_TESTABILITY = YES;
				GCC_C_LANGUAGE_STANDARD = gnu11;
				GCC_DYNAMIC_NO_PIC = NO;
				GCC_NO_COMMON_BLOCKS = YES;
				GCC_OPTIMIZATION_LEVEL = 0;
				GCC_PREPROCESSOR_DEFINITIONS = (
					"DEBUG=1",
					"$(inherited)",
				);
				GCC_WARN_64_TO_32_BIT_CONVERSION = YES;
				GCC_WARN_ABOUT_RETURN_TYPE = YES_ERROR;
				GCC_WARN_UNDECLARED_SELECTOR = YES;
				GCC_WARN_UNINITIALIZED_AUTOS = YES_AGGRESSIVE;
				GCC_WARN_UNUSED_FUNCTION = YES;
				GCC_WARN_UNUSED_VARIABLE = YES;
				IPHONEOS_DEPLOYMENT_TARGET = 15.4;
				MTL_ENABLE_DEBUG_INFO = INCLUDE_SOURCE;
				MTL_FAST_MATH = YES;
				ONLY_ACTIVE_ARCH = YES;
				SDKROOT = iphoneos;
				SWIFT_ACTIVE_COMPILATION_CONDITIONS = DEBUG;
				SWIFT_OPTIMIZATION_LEVEL = "-Onone";
			};
			name = Debug;
		};
		33D0A1E9281B8317001467EF /* Release */ = {
			isa = XCBuildConfiguration;
			buildSettings = {
				ALWAYS_SEARCH_USER_PATHS = NO;
				CLANG_ANALYZER_NONNULL = YES;
				CLANG_ANALYZER_NUMBER_OBJECT_CONVERSION = YES_AGGRESSIVE;
				CLANG_CXX_LANGUAGE_STANDARD = "gnu++17";
				CLANG_ENABLE_MODULES = YES;
				CLANG_ENABLE_OBJC_ARC = YES;
				CLANG_ENABLE_OBJC_WEAK = YES;
				CLANG_WARN_BLOCK_CAPTURE_AUTORELEASING = YES;
				CLANG_WARN_BOOL_CONVERSION = YES;
				CLANG_WARN_COMMA = YES;
				CLANG_WARN_CONSTANT_CONVERSION = YES;
				CLANG_WARN_DEPRECATED_OBJC_IMPLEMENTATIONS = YES;
				CLANG_WARN_DIRECT_OBJC_ISA_USAGE = YES_ERROR;
				CLANG_WARN_DOCUMENTATION_COMMENTS = YES;
				CLANG_WARN_EMPTY_BODY = YES;
				CLANG_WARN_ENUM_CONVERSION = YES;
				CLANG_WARN_INFINITE_RECURSION = YES;
				CLANG_WARN_INT_CONVERSION = YES;
				CLANG_WARN_NON_LITERAL_NULL_CONVERSION = YES;
				CLANG_WARN_OBJC_IMPLICIT_RETAIN_SELF = YES;
				CLANG_WARN_OBJC_LITERAL_CONVERSION = YES;
				CLANG_WARN_OBJC_ROOT_CLASS = YES_ERROR;
				CLANG_WARN_QUOTED_INCLUDE_IN_FRAMEWORK_HEADER = YES;
				CLANG_WARN_RANGE_LOOP_ANALYSIS = YES;
				CLANG_WARN_STRICT_PROTOTYPES = YES;
				CLANG_WARN_SUSPICIOUS_MOVE = YES;
				CLANG_WARN_UNGUARDED_AVAILABILITY = YES_AGGRESSIVE;
				CLANG_WARN_UNREACHABLE_CODE = YES;
				CLANG_WARN__DUPLICATE_METHOD_MATCH = YES;
				COPY_PHASE_STRIP = NO;
				DEBUG_INFORMATION_FORMAT = "dwarf-with-dsym";
				ENABLE_NS_ASSERTIONS = NO;
				ENABLE_STRICT_OBJC_MSGSEND = YES;
				GCC_C_LANGUAGE_STANDARD = gnu11;
				GCC_NO_COMMON_BLOCKS = YES;
				GCC_WARN_64_TO_32_BIT_CONVERSION = YES;
				GCC_WARN_ABOUT_RETURN_TYPE = YES_ERROR;
				GCC_WARN_UNDECLARED_SELECTOR = YES;
				GCC_WARN_UNINITIALIZED_AUTOS = YES_AGGRESSIVE;
				GCC_WARN_UNUSED_FUNCTION = YES;
				GCC_WARN_UNUSED_VARIABLE = YES;
				IPHONEOS_DEPLOYMENT_TARGET = 15.4;
				MTL_ENABLE_DEBUG_INFO = NO;
				MTL_FAST_MATH = YES;
				SDKROOT = iphoneos;
				SWIFT_COMPILATION_MODE = wholemodule;
				SWIFT_OPTIMIZATION_LEVEL = "-O";
				VALIDATE_PRODUCT = YES;
			};
			name = Release;
		};
		33D0A1EB281B8317001467EF /* Debug */ = {
			isa = XCBuildConfiguration;
			buildSettings = {
				ASSETCATALOG_COMPILER_APPICON_NAME = AppIcon;
				ASSETCATALOG_COMPILER_GLOBAL_ACCENT_COLOR_NAME = AccentColor;
				CODE_SIGN_STYLE = Automatic;
				CURRENT_PROJECT_VERSION = 1;
				DEVELOPMENT_ASSET_PATHS = "\"CountGround/Preview Content\"";
				DEVELOPMENT_TEAM = R9HYVKU5HK;
				ENABLE_PREVIEWS = YES;
				GENERATE_INFOPLIST_FILE = YES;
				INFOPLIST_FILE = CountGround/Info.plist;
				INFOPLIST_KEY_CFBundleDisplayName = CountGround;
				INFOPLIST_KEY_UIApplicationSupportsIndirectInputEvents = YES;
				INFOPLIST_KEY_UILaunchScreen_Generation = YES;
				INFOPLIST_KEY_UISupportedInterfaceOrientations = "UIInterfaceOrientationLandscapeLeft UIInterfaceOrientationLandscapeRight";
				INFOPLIST_KEY_UISupportedInterfaceOrientations_iPad = "UIInterfaceOrientationLandscapeLeft UIInterfaceOrientationLandscapeRight";
				INFOPLIST_KEY_UISupportedInterfaceOrientations_iPhone = "UIInterfaceOrientationLandscapeLeft UIInterfaceOrientationLandscapeRight";
				LD_RUNPATH_SEARCH_PATHS = (
					"$(inherited)",
					"@executable_path/Frameworks",
				);
				MARKETING_VERSION = 1.0;
				PRODUCT_BUNDLE_IDENTIFIER = org.sofent.CountGround;
				PRODUCT_NAME = or.sofent.CountGround;
				SWIFT_EMIT_LOC_STRINGS = YES;
				SWIFT_VERSION = 5.0;
				TARGETED_DEVICE_FAMILY = "1,2";
			};
			name = Debug;
		};
		33D0A1EC281B8317001467EF /* Release */ = {
			isa = XCBuildConfiguration;
			buildSettings = {
				ASSETCATALOG_COMPILER_APPICON_NAME = AppIcon;
				ASSETCATALOG_COMPILER_GLOBAL_ACCENT_COLOR_NAME = AccentColor;
				CODE_SIGN_STYLE = Automatic;
				CURRENT_PROJECT_VERSION = 1;
				DEVELOPMENT_ASSET_PATHS = "\"CountGround/Preview Content\"";
				DEVELOPMENT_TEAM = RCBY5FRZG5;
				ENABLE_PREVIEWS = YES;
				GENERATE_INFOPLIST_FILE = YES;
				INFOPLIST_FILE = CountGround/Info.plist;
				INFOPLIST_KEY_CFBundleDisplayName = CountGround;
				INFOPLIST_KEY_UIApplicationSupportsIndirectInputEvents = YES;
				INFOPLIST_KEY_UILaunchScreen_Generation = YES;
				INFOPLIST_KEY_UISupportedInterfaceOrientations = "UIInterfaceOrientationLandscapeLeft UIInterfaceOrientationLandscapeRight";
				INFOPLIST_KEY_UISupportedInterfaceOrientations_iPad = "UIInterfaceOrientationLandscapeLeft UIInterfaceOrientationLandscapeRight";
				INFOPLIST_KEY_UISupportedInterfaceOrientations_iPhone = "UIInterfaceOrientationLandscapeLeft UIInterfaceOrientationLandscapeRight";
				LD_RUNPATH_SEARCH_PATHS = (
					"$(inherited)",
					"@executable_path/Frameworks",
				);
				MARKETING_VERSION = 1.0;
				PRODUCT_BUNDLE_IDENTIFIER = or.sofent.CountGround;
				PRODUCT_NAME = or.sofent.CountGround;
				SWIFT_EMIT_LOC_STRINGS = YES;
				SWIFT_VERSION = 5.0;
				TARGETED_DEVICE_FAMILY = "1,2";
			};
			name = Release;
		};
		33D0A1EE281B8317001467EF /* Debug */ = {
			isa = XCBuildConfiguration;
			buildSettings = {
				ALWAYS_EMBED_SWIFT_STANDARD_LIBRARIES = YES;
				BUNDLE_LOADER = "$(TEST_HOST)";
				CODE_SIGN_STYLE = Automatic;
				CURRENT_PROJECT_VERSION = 1;
				DEVELOPMENT_TEAM = RCBY5FRZG5;
				GENERATE_INFOPLIST_FILE = YES;
				IPHONEOS_DEPLOYMENT_TARGET = 15.4;
				MARKETING_VERSION = 1.0;
				PRODUCT_BUNDLE_IDENTIFIER = or.sofent.CountGroudTests;
				PRODUCT_NAME = "$(TARGET_NAME)";
				SWIFT_EMIT_LOC_STRINGS = NO;
				SWIFT_VERSION = 5.0;
				TARGETED_DEVICE_FAMILY = "1,2";
				TEST_HOST = "$(BUILT_PRODUCTS_DIR)/CountGroud.app/CountGroud";
			};
			name = Debug;
		};
		33D0A1EF281B8317001467EF /* Release */ = {
			isa = XCBuildConfiguration;
			buildSettings = {
				ALWAYS_EMBED_SWIFT_STANDARD_LIBRARIES = YES;
				BUNDLE_LOADER = "$(TEST_HOST)";
				CODE_SIGN_STYLE = Automatic;
				CURRENT_PROJECT_VERSION = 1;
				DEVELOPMENT_TEAM = RCBY5FRZG5;
				GENERATE_INFOPLIST_FILE = YES;
				IPHONEOS_DEPLOYMENT_TARGET = 15.4;
				MARKETING_VERSION = 1.0;
				PRODUCT_BUNDLE_IDENTIFIER = or.sofent.CountGroudTests;
				PRODUCT_NAME = "$(TARGET_NAME)";
				SWIFT_EMIT_LOC_STRINGS = NO;
				SWIFT_VERSION = 5.0;
				TARGETED_DEVICE_FAMILY = "1,2";
				TEST_HOST = "$(BUILT_PRODUCTS_DIR)/CountGroud.app/CountGroud";
			};
			name = Release;
		};
		33D0A1F1281B8317001467EF /* Debug */ = {
			isa = XCBuildConfiguration;
			buildSettings = {
				ALWAYS_EMBED_SWIFT_STANDARD_LIBRARIES = YES;
				CODE_SIGN_STYLE = Automatic;
				CURRENT_PROJECT_VERSION = 1;
				DEVELOPMENT_TEAM = RCBY5FRZG5;
				GENERATE_INFOPLIST_FILE = YES;
				MARKETING_VERSION = 1.0;
				PRODUCT_BUNDLE_IDENTIFIER = or.sofent.CountGroudUITests;
				PRODUCT_NAME = "$(TARGET_NAME)";
				SWIFT_EMIT_LOC_STRINGS = NO;
				SWIFT_VERSION = 5.0;
				TARGETED_DEVICE_FAMILY = "1,2";
				TEST_TARGET_NAME = CountGroud;
			};
			name = Debug;
		};
		33D0A1F2281B8317001467EF /* Release */ = {
			isa = XCBuildConfiguration;
			buildSettings = {
				ALWAYS_EMBED_SWIFT_STANDARD_LIBRARIES = YES;
				CODE_SIGN_STYLE = Automatic;
				CURRENT_PROJECT_VERSION = 1;
				DEVELOPMENT_TEAM = RCBY5FRZG5;
				GENERATE_INFOPLIST_FILE = YES;
				MARKETING_VERSION = 1.0;
				PRODUCT_BUNDLE_IDENTIFIER = or.sofent.CountGroudUITests;
				PRODUCT_NAME = "$(TARGET_NAME)";
				SWIFT_EMIT_LOC_STRINGS = NO;
				SWIFT_VERSION = 5.0;
				TARGETED_DEVICE_FAMILY = "1,2";
				TEST_TARGET_NAME = CountGroud;
			};
			name = Release;
		};
/* End XCBuildConfiguration section */

/* Begin XCConfigurationList section */
		33D0A1C1281B8315001467EF /* Build configuration list for PBXProject "CountGroud" */ = {
			isa = XCConfigurationList;
			buildConfigurations = (
				33D0A1E8281B8317001467EF /* Debug */,
				33D0A1E9281B8317001467EF /* Release */,
			);
			defaultConfigurationIsVisible = 0;
			defaultConfigurationName = Release;
		};
		33D0A1EA281B8317001467EF /* Build configuration list for PBXNativeTarget "CountGround" */ = {
			isa = XCConfigurationList;
			buildConfigurations = (
				33D0A1EB281B8317001467EF /* Debug */,
				33D0A1EC281B8317001467EF /* Release */,
			);
			defaultConfigurationIsVisible = 0;
			defaultConfigurationName = Release;
		};
		33D0A1ED281B8317001467EF /* Build configuration list for PBXNativeTarget "CountGroundTests" */ = {
			isa = XCConfigurationList;
			buildConfigurations = (
				33D0A1EE281B8317001467EF /* Debug */,
				33D0A1EF281B8317001467EF /* Release */,
			);
			defaultConfigurationIsVisible = 0;
			defaultConfigurationName = Release;
		};
		33D0A1F0281B8317001467EF /* Build configuration list for PBXNativeTarget "CountGroundUITests" */ = {
			isa = XCConfigurationList;
			buildConfigurations = (
				33D0A1F1281B8317001467EF /* Debug */,
				33D0A1F2281B8317001467EF /* Release */,
			);
			defaultConfigurationIsVisible = 0;
			defaultConfigurationName = Release;
		};
/* End XCConfigurationList section */
	};
	rootObject = 33D0A1BE281B8315001467EF /* Project object */;
}
